
Microsoft Visual Studio Solution File, Format Version 12.00
# Visual Studio Version 17
VisualStudioVersion = 17.4.33205.214
MinimumVisualStudioVersion = 10.0.40219.1
Project("{FAE04EC0-301F-11D3-BF4B-00C04F79EFBC}") = "Huffman Coding", "Huffman Coding.csproj", "{7ED06EC4-E309-4AC8-AAB0-73DC6F674577}"
EndProject
Global
	GlobalSection(SolutionConfigurationPlatforms) = preSolution
		Debug|Any CPU = Debug|Any CPU
		Release|Any CPU = Release|Any CPU
	EndGlobalSection
	GlobalSection(ProjectConfigurationPlatforms) = postSolution
		{7ED06EC4-E309-4AC8-AAB0-73DC6F674577}.Debug|Any CPU.ActiveCfg = Debug|Any CPU
		{7ED06EC4-E309-4AC8-AAB0-73DC6F674577}.Debug|Any CPU.Build.0 = Debug|Any CPU
		{7ED06EC4-E309-4AC8-AAB0-73DC6F674577}.Release|Any CPU.ActiveCfg = Release|Any CPU
		{7ED06EC4-E309-4AC8-AAB0-73DC6F674577}.Release|Any CPU.Build.0 = Release|Any CPU
	EndGlobalSection
	GlobalSection(SolutionProperties) = preSolution
		HideSolutionNode = FALSE
	EndGlobalSection
	GlobalSection(ExtensibilityGlobals) = postSolution
		SolutionGuid = {DD271EE4-45A2-4741-B532-1ABF3605B48D}
	EndGlobalSection
EndGlobal
