
Microsoft Visual Studio Solution File, Format Version 12.00
# Visual Studio Version 17
VisualStudioVersion = 17.4.33205.214
MinimumVisualStudioVersion = 10.0.40219.1
Project("{FAE04EC0-301F-11D3-BF4B-00C04F79EFBC}") = "Dynamic Programming – Longest Common Subsequence", "Dynamic Programming – Longest Common Subsequence.csproj", "{9FF3DA27-4485-4AB1-A6A8-6E3568ABE08B}"
EndProject
Global
	GlobalSection(SolutionConfigurationPlatforms) = preSolution
		Debug|Any CPU = Debug|Any CPU
		Release|Any CPU = Release|Any CPU
	EndGlobalSection
	GlobalSection(ProjectConfigurationPlatforms) = postSolution
		{9FF3DA27-4485-4AB1-A6A8-6E3568ABE08B}.Debug|Any CPU.ActiveCfg = Debug|Any CPU
		{9FF3DA27-4485-4AB1-A6A8-6E3568ABE08B}.Debug|Any CPU.Build.0 = Debug|Any CPU
		{9FF3DA27-4485-4AB1-A6A8-6E3568ABE08B}.Release|Any CPU.ActiveCfg = Release|Any CPU
		{9FF3DA27-4485-4AB1-A6A8-6E3568ABE08B}.Release|Any CPU.Build.0 = Release|Any CPU
	EndGlobalSection
	GlobalSection(SolutionProperties) = preSolution
		HideSolutionNode = FALSE
	EndGlobalSection
	GlobalSection(ExtensibilityGlobals) = postSolution
		SolutionGuid = {15E3032A-092A-4243-806D-DB1481452D64}
	EndGlobalSection
EndGlobal
